Microsoft Visual Studio Solution File, Format Version 12.00
# Visual Studio 2012
Project("{FAE04EC0-301F-11D3-BF4B-00C04F79EFBC}") = "Butthole", "Butthole.csproj", "{1DD7C231-17D8-47E9-8C91-2367BBA167DE}"
EndProject
Global
	GlobalSection(SolutionConfigurationPlatforms) = preSolution
	Debug|Any CPU = Debug|Any CPU
	ExportDebug|Any CPU = ExportDebug|Any CPU
	ExportRelease|Any CPU = ExportRelease|Any CPU
	EndGlobalSection
	GlobalSection(ProjectConfigurationPlatforms) = postSolution
		{1DD7C231-17D8-47E9-8C91-2367BBA167DE}.Debug|Any CPU.ActiveCfg = Debug|Any CPU
		{1DD7C231-17D8-47E9-8C91-2367BBA167DE}.Debug|Any CPU.Build.0 = Debug|Any CPU
		{1DD7C231-17D8-47E9-8C91-2367BBA167DE}.ExportDebug|Any CPU.ActiveCfg = ExportDebug|Any CPU
		{1DD7C231-17D8-47E9-8C91-2367BBA167DE}.ExportDebug|Any CPU.Build.0 = ExportDebug|Any CPU
		{1DD7C231-17D8-47E9-8C91-2367BBA167DE}.ExportRelease|Any CPU.ActiveCfg = ExportRelease|Any CPU
		{1DD7C231-17D8-47E9-8C91-2367BBA167DE}.ExportRelease|Any CPU.Build.0 = ExportRelease|Any CPU
	EndGlobalSection
EndGlobal
